
Microsoft Visual Studio Solution File, Format Version 12.00
# Visual Studio Version 17
VisualStudioVersion = 17.5.33530.505
MinimumVisualStudioVersion = 10.0.40219.1
Project("{FAE04EC0-301F-11D3-BF4B-00C04F79EFBC}") = "JWTTokenGeneration_Core_With_Db", "JWTTokenGeneration_Core_With_Db\JWTTokenGeneration_Core_With_Db.csproj", "{CCA6AD62-DDEC-4958-95AC-1CC390135787}"
EndProject
Global
	GlobalSection(SolutionConfigurationPlatforms) = preSolution
		Debug|Any CPU = Debug|Any CPU
		Release|Any CPU = Release|Any CPU
	EndGlobalSection
	GlobalSection(ProjectConfigurationPlatforms) = postSolution
		{CCA6AD62-DDEC-4958-95AC-1CC390135787}.Debug|Any CPU.ActiveCfg = Debug|Any CPU
		{CCA6AD62-DDEC-4958-95AC-1CC390135787}.Debug|Any CPU.Build.0 = Debug|Any CPU
		{CCA6AD62-DDEC-4958-95AC-1CC390135787}.Release|Any CPU.ActiveCfg = Release|Any CPU
		{CCA6AD62-DDEC-4958-95AC-1CC390135787}.Release|Any CPU.Build.0 = Release|Any CPU
	EndGlobalSection
	GlobalSection(SolutionProperties) = preSolution
		HideSolutionNode = FALSE
	EndGlobalSection
	GlobalSection(ExtensibilityGlobals) = postSolution
		SolutionGuid = {0CA0DA15-5002-4555-B9F3-2EC602E197A8}
	EndGlobalSection
EndGlobal
